// !$*UTF8*$!
{
	archiveVersion = 1;
	classes = {
	};
	objectVersion = 46;
	objects = {

/* Begin PBXBuildFile section */
		AB7E3D8C19FC25FD00AF755C /* main.c in Sources */ = {isa = PBXBuildFile; fileRef = AB7E3D8B19FC25FD00AF755C /* main.c */; };
/* End PBXBuildFile section */

/* Begin PBXCopyFilesBuildPhase section */
		AB7E3D8619FC25FD00AF755C /* CopyFiles */ = {
			isa = PBXCopyFilesBuildPhase;
			buildActionMask = 2147483647;
			dstPath = /usr/share/man/man1/;
			dstSubfolderSpec = 0;
			files = (
			);
			runOnlyForDeploymentPostprocessing = 1;
		};
/* End PBXCopyFilesBuildPhase section */

/* Begin PBXFileReference section */
		AB7E3D8819FC25FD00AF755C /* 180_pro1 */ = {isa = PBXFileReference; explicitFileType = "compiled.mach-o.executable"; includeInIndex = 0; path = 180_pro1; sourceTree = BUILT_PRODUCTS_DIR; };
		AB7E3D8B19FC25FD00AF755C /* main.c */ = {isa = PBXFileReference; lastKnownFileType = sourcecode.c.c; path = main.c; sourceTree = "<group>"; };
/* End PBXFileReference section */

/* Begin PBXFrameworksBuildPhase section */
		AB7E3D8519FC25FD00AF755C /* Frameworks */ = {
			isa = PBXFrameworksBuildPhase;
			buildActionMask = 2147483647;
			files = (
			);
			runOnlyForDeploymentPostprocessing = 0;
		};
/* End PBXFrameworksBuildPhase section */

/* Begin PBXGroup section */
		AB7E3D7F19FC25FD00AF755C = {
			isa = PBXGroup;
			children = (
				AB7E3D8A19FC25FD00AF755C /* 180_pro1 */,
				AB7E3D8919FC25FD00AF755C /* Products */,
			);
			sourceTree = "<group>";
		};
		AB7E3D8919FC25FD00AF755C /* Products */ = {
			isa = PBXGroup;
			children = (
				AB7E3D8819FC25FD00AF755C /* 180_pro1 */,
			);
			name = Products;
			sourceTree = "<group>";
		};
		AB7E3D8A19FC25FD00AF755C /* 180_pro1 */ = {
			isa = PBXGroup;
			children = (
				AB7E3D8B19FC25FD00AF755C /* main.c */,
			);
			path = 180_pro1;
			sourceTree = "<group>";
		};
/* End PBXGroup section */

/* Begin PBXNativeTarget section */
		AB7E3D8719FC25FD00AF755C /* 180_pro1 */ = {
			isa = PBXNativeTarget;
			buildConfigurationList = AB7E3D8F19FC25FD00AF755C /* Build configuration list for PBXNativeTarget "180_pro1" */;
			buildPhases = (
				AB7E3D8419FC25FD00AF755C /* Sources */,
				AB7E3D8519FC25FD00AF755C /* Frameworks */,
				AB7E3D8619FC25FD00AF755C /* CopyFiles */,
			);
			buildRules = (
			);
			dependencies = (
			);
			name = 180_pro1;
			productName = 180_pro1;
			productReference = AB7E3D8819FC25FD00AF755C /* 180_pro1 */;
			productType = "com.apple.product-type.tool";
		};
/* End PBXNativeTarget section */

/* Begin PBXProject section */
		AB7E3D8019FC25FD00AF755C /* Project object */ = {
			isa = PBXProject;
			attributes = {
				LastUpgradeCheck = 0610;
				ORGANIZATIONNAME = daisy_island;
				TargetAttributes = {
					AB7E3D8719FC25FD00AF755C = {
						CreatedOnToolsVersion = 6.1;
					};
				};
			};
			buildConfigurationList = AB7E3D8319FC25FD00AF755C /* Build configuration list for PBXProject "180_pro1" */;
			compatibilityVersion = "Xcode 3.2";
			developmentRegion = English;
			hasScannedForEncodings = 0;
			knownRegions = (
				en,
			);
			mainGroup = AB7E3D7F19FC25FD00AF755C;
			productRefGroup = AB7E3D8919FC25FD00AF755C /* Products */;
			projectDirPath = "";
			projectRoot = "";
			targets = (
				AB7E3D8719FC25FD00AF755C /* 180_pro1 */,
			);
		};
/* End PBXProject section */

/* Begin PBXSourcesBuildPhase section */
		AB7E3D8419FC25FD00AF755C /* Sources */ = {
			isa = PBXSourcesBuildPhase;
			buildActionMask = 2147483647;
			files = (
				AB7E3D8C19FC25FD00AF755C /* main.c in Sources */,
			);
			runOnlyForDeploymentPostprocessing = 0;
		};
/* End PBXSourcesBuildPhase section */

/* Begin XCBuildConfiguration section */
		AB7E3D8D19FC25FD00AF755C /* Debug */ = {
			isa = XCBuildConfiguration;
			buildSettings = {
				ALWAYS_SEARCH_USER_PATHS = NO;
				CLANG_CXX_LANGUAGE_STANDARD = "gnu++0x";
				CLANG_CXX_LIBRARY = "libc++";
				CLANG_ENABLE_MODULES = YES;
				CLANG_ENABLE_OBJC_ARC = YES;
				CLANG_WARN_BOOL_CONVERSION = YES;
				CLANG_WARN_CONSTANT_CONVERSION = YES;
				CLANG_WARN_DIRECT_OBJC_ISA_USAGE = YES_ERROR;
				CLANG_WARN_EMPTY_BODY = YES;
				CLANG_WARN_ENUM_CONVERSION = YES;
				CLANG_WARN_INT_CONVERSION = YES;
				CLANG_WARN_OBJC_ROOT_CLASS = YES_ERROR;
				CLANG_WARN_UNREACHABLE_CODE = YES;
				CLANG_WARN__DUPLICATE_METHOD_MATCH = YES;
				COPY_PHASE_STRIP = NO;
				ENABLE_STRICT_OBJC_MSGSEND = YES;
				GCC_C_LANGUAGE_STANDARD = gnu99;
				GCC_DYNAMIC_NO_PIC = NO;
				GCC_OPTIMIZATION_LEVEL = 0;
				GCC_PREPROCESSOR_DEFINITIONS = (
					"DEBUG=1",
					"$(inherited)",
				);
				GCC_SYMBOLS_PRIVATE_EXTERN = NO;
				GCC_WARN_64_TO_32_BIT_CONVERSION = YES;
				GCC_WARN_ABOUT_RETURN_TYPE = YES_ERROR;
				GCC_WARN_UNDECLARED_SELECTOR = YES;
				GCC_WARN_UNINITIALIZED_AUTOS = YES_AGGRESSIVE;
				GCC_WARN_UNUSED_FUNCTION = YES;
				GCC_WARN_UNUSED_VARIABLE = YES;
				MACOSX_DEPLOYMENT_TARGET = 10.10;
				MTL_ENABLE_DEBUG_INFO = YES;
				ONLY_ACTIVE_ARCH = YES;
				SDKROOT = macosx;
			};
			name = Debug;
		};
		AB7E3D8E19FC25FD00AF755C /* Release */ = {
			isa = XCBuildConfiguration;
			buildSettings = {
				ALWAYS_SEARCH_USER_PATHS = NO;
				CLANG_CXX_LANGUAGE_STANDARD = "gnu++0x";
				CLANG_CXX_LIBRARY = "libc++";
				CLANG_ENABLE_MODULES = YES;
				CLANG_ENABLE_OBJC_ARC = YES;
				CLANG_WARN_BOOL_CONVERSION = YES;
				CLANG_WARN_CONSTANT_CONVERSION = YES;
				CLANG_WARN_DIRECT_OBJC_ISA_USAGE = YES_ERROR;
				CLANG_WARN_EMPTY_BODY = YES;
				CLANG_WARN_ENUM_CONVERSION = YES;
				CLANG_WARN_INT_CONVERSION = YES;
				CLANG_WARN_OBJC_ROOT_CLASS = YES_ERROR;
				CLANG_WARN_UNREACHABLE_CODE = YES;
				CLANG_WARN__DUPLICATE_METHOD_MATCH = YES;
				COPY_PHASE_STRIP = YES;
				DEBUG_INFORMATION_FORMAT = "dwarf-with-dsym";
				ENABLE_NS_ASSERTIONS = NO;
				ENABLE_STRICT_OBJC_MSGSEND = YES;
				GCC_C_LANGUAGE_STANDARD = gnu99;
				GCC_WARN_64_TO_32_BIT_CONVERSION = YES;
				GCC_WARN_ABOUT_RETURN_TYPE = YES_ERROR;
				GCC_WARN_UNDECLARED_SELECTOR = YES;
				GCC_WARN_UNINITIALIZED_AUTOS = YES_AGGRESSIVE;
				GCC_WARN_UNUSED_FUNCTION = YES;
				GCC_WARN_UNUSED_VARIABLE = YES;
				MACOSX_DEPLOYMENT_TARGET = 10.10;
				MTL_ENABLE_DEBUG_INFO = NO;
				SDKROOT = macosx;
			};
			name = Release;
		};
		AB7E3D9019FC25FD00AF755C /* Debug */ = {
			isa = XCBuildConfiguration;
			buildSettings = {
				PRODUCT_NAME = "$(TARGET_NAME)";
			};
			name = Debug;
		};
		AB7E3D9119FC25FD00AF755C /* Release */ = {
			isa = XCBuildConfiguration;
			buildSettings = {
				PRODUCT_NAME = "$(TARGET_NAME)";
			};
			name = Release;
		};
/* End XCBuildConfiguration section */

/* Begin XCConfigurationList section */
		AB7E3D8319FC25FD00AF755C /* Build configuration list for PBXProject "180_pro1" */ = {
			isa = XCConfigurationList;
			buildConfigurations = (
				AB7E3D8D19FC25FD00AF755C /* Debug */,
				AB7E3D8E19FC25FD00AF755C /* Release */,
			);
			defaultConfigurationIsVisible = 0;
			defaultConfigurationName = Release;
		};
		AB7E3D8F19FC25FD00AF755C /* Build configuration list for PBXNativeTarget "180_pro1" */ = {
			isa = XCConfigurationList;
			buildConfigurations = (
				AB7E3D9019FC25FD00AF755C /* Debug */,
				AB7E3D9119FC25FD00AF755C /* Release */,
			);
			defaultConfigurationIsVisible = 0;
		};
/* End XCConfigurationList section */
	};
	rootObject = AB7E3D8019FC25FD00AF755C /* Project object */;
}
